
Microsoft Visual Studio Solution File, Format Version 12.00
# Visual Studio Version 16
VisualStudioVersion = 16.0.31105.61
MinimumVisualStudioVersion = 10.0.40219.1
Project("{9A19103F-16F7-4668-BE54-9A1E7A4F7556}") = "Fraccion", "Proyecto 4\Fraccion.csproj", "{B626D01C-F708-4A41-B8ED-8ED974C5E448}"
EndProject
Global
	GlobalSection(SolutionConfigurationPlatforms) = preSolution
		Debug|Any CPU = Debug|Any CPU
		Release|Any CPU = Release|Any CPU
	EndGlobalSection
	GlobalSection(ProjectConfigurationPlatforms) = postSolution
		{B626D01C-F708-4A41-B8ED-8ED974C5E448}.Debug|Any CPU.ActiveCfg = Debug|Any CPU
		{B626D01C-F708-4A41-B8ED-8ED974C5E448}.Debug|Any CPU.Build.0 = Debug|Any CPU
		{B626D01C-F708-4A41-B8ED-8ED974C5E448}.Release|Any CPU.ActiveCfg = Release|Any CPU
		{B626D01C-F708-4A41-B8ED-8ED974C5E448}.Release|Any CPU.Build.0 = Release|Any CPU
	EndGlobalSection
	GlobalSection(SolutionProperties) = preSolution
		HideSolutionNode = FALSE
	EndGlobalSection
	GlobalSection(ExtensibilityGlobals) = postSolution
		SolutionGuid = {63B2274E-8D99-4E39-B02A-E19F76AF0110}
	EndGlobalSection
EndGlobal
