
Microsoft Visual Studio Solution File, Format Version 12.00
# Visual Studio Version 16
VisualStudioVersion = 16.0.31105.61
MinimumVisualStudioVersion = 10.0.40219.1
Project("{9A19103F-16F7-4668-BE54-9A1E7A4F7556}") = "Cuenta", "Ejercicio 1\Cuenta.csproj", "{D809BBFC-8AA1-43AD-AB22-3F8913E27070}"
EndProject
Global
	GlobalSection(SolutionConfigurationPlatforms) = preSolution
		Debug|Any CPU = Debug|Any CPU
		Release|Any CPU = Release|Any CPU
	EndGlobalSection
	GlobalSection(ProjectConfigurationPlatforms) = postSolution
		{D809BBFC-8AA1-43AD-AB22-3F8913E27070}.Debug|Any CPU.ActiveCfg = Debug|Any CPU
		{D809BBFC-8AA1-43AD-AB22-3F8913E27070}.Debug|Any CPU.Build.0 = Debug|Any CPU
		{D809BBFC-8AA1-43AD-AB22-3F8913E27070}.Release|Any CPU.ActiveCfg = Release|Any CPU
		{D809BBFC-8AA1-43AD-AB22-3F8913E27070}.Release|Any CPU.Build.0 = Release|Any CPU
	EndGlobalSection
	GlobalSection(SolutionProperties) = preSolution
		HideSolutionNode = FALSE
	EndGlobalSection
	GlobalSection(ExtensibilityGlobals) = postSolution
		SolutionGuid = {B1F73AA0-7015-462F-BAF4-18A07B9184C2}
	EndGlobalSection
EndGlobal
